<?xml version="1.0" encoding="utf-8"?>
<Project ToolsVersion="4.0" xmlns="http://schemas.microsoft.com/developer/msbuild/2003">
  <ItemGroup>
    <ClCompile Include="SDL_OpenGLAPI.cpp">
      <Filter>Source Files</Filter>
    </ClCompile>
    <ClCompile Include="SDLCameraFPS.cpp">
      <Filter>Source Files</Filter>
    </ClCompile>
    <ClCompile Include="SDLCameraOrb.cpp">
      <Filter>Source Files</Filter>
    </ClCompile>
    <ClCompile Include="SDLCameraStrafe.cpp">
      <Filter>Source Files</Filter>
    </ClCompile>
    <ClCompile Include="SDLCoordinate2D.cpp">
      <Filter>Source Files</Filter>
    </ClCompile>
    <ClCompile Include="SDLCoordinate3D.cpp">
      <Filter>Source Files</Filter>
    </ClCompile>
    <ClCompile Include="SDLCoordinate3DMultiple.cpp">
      <Filter>Source Files</Filter>
    </ClCompile>
    <ClCompile Include="SDLTexture.cpp">
      <Filter>Source Files</Filter>
    </ClCompile>
    <ClCompile Include="SDLTransform.cpp">
      <Filter>Source Files</Filter>
    </ClCompile>
    <ClCompile Include="SDLVertex.cpp">
      <Filter>Source Files</Filter>
    </ClCompile>
    <ClCompile Include="SDLVertexEBO.cpp">
      <Filter>Source Files</Filter>
    </ClCompile>
    <ClCompile Include="SDLVertexImmediate.cpp">
      <Filter>Source Files</Filter>
    </ClCompile>
    <ClCompile Include="SDLVertexVAO.cpp">
      <Filter>Source Files</Filter>
    </ClCompile>
    <ClCompile Include="SDLWindow.cpp">
      <Filter>Source Files</Filter>
    </ClCompile>
  </ItemGroup>
  <ItemGroup>
    <ClInclude Include="SDL_OpenGLAPI.h">
      <Filter>Header Files</Filter>
    </ClInclude>
    <ClInclude Include="stb_image.h">
      <Filter>Header Files</Filter>
    </ClInclude>
  </ItemGroup>
  <ItemGroup>
    <Image Include="awesomeface.png" />
    <Image Include="wall.jpg" />
  </ItemGroup>
  <ItemGroup>
    <Filter Include="Header Files">
      <UniqueIdentifier>{3379ada0-d0c5-4c6e-aa82-0919f231992f}</UniqueIdentifier>
    </Filter>
    <Filter Include="Source Files">
      <UniqueIdentifier>{d6f87793-96c9-40f5-9e87-0f0aa8ac3ff5}</UniqueIdentifier>
    </Filter>
  </ItemGroup>
</Project>