
Microsoft Visual Studio Solution File, Format Version 12.00
# Visual Studio 15
VisualStudioVersion = 15.0.27428.2043
MinimumVisualStudioVersion = 10.0.40219.1
Project("{8BC9CEB8-8B4A-11D0-8D11-00A0C91BC942}") = "SDL_OpenGLAPI", "SDL_OpenGLAPI\SDL_OpenGLAPI.vcxproj", "{C97E42CD-3308-4B3C-8B98-09DB16EE9220}"
EndProject
Project("{8BC9CEB8-8B4A-11D0-8D11-00A0C91BC942}") = "SDL_OpenGLGLSL", "SDL_OpenGLGLSL\SDL_OpenGLGLSL.vcxproj", "{4ED24230-01C7-463C-8196-1E62257F930D}"
EndProject
Project("{8BC9CEB8-8B4A-11D0-8D11-00A0C91BC942}") = "SDL_OpenGLLighting", "SDL_OpenGLLighting\SDL_OpenGLLighting.vcxproj", "{F28AD335-F600-46D9-83CC-A9F67977D81C}"
EndProject
Project("{8BC9CEB8-8B4A-11D0-8D11-00A0C91BC942}") = "SDL_PhongLighting", "SDL_PhongLighting\SDL_PhongLighting.vcxproj", "{99B49AC4-14F9-49B2-934D-A7B111C8DA4D}"
EndProject
Project("{8BC9CEB8-8B4A-11D0-8D11-00A0C91BC942}") = "SDL_Model", "SDL_Model\SDL_Model.vcxproj", "{09C94272-A8AE-490E-98F4-7E0248946CCE}"
EndProject
Project("{8BC9CEB8-8B4A-11D0-8D11-00A0C91BC942}") = "SDL_OpenGLAPIAdv", "SDL_OpenGLAPIAdv\SDL_OpenGLAPIAdv.vcxproj", "{11FE3034-4232-42C6-97B8-B168CE3469D7}"
EndProject
Project("{8BC9CEB8-8B4A-11D0-8D11-00A0C91BC942}") = "SDL_ModelAdv", "SDL_ModelAdv\SDL_ModelAdv.vcxproj", "{8C41647D-74AB-43A9-AF27-C2316A5DB57A}"
EndProject
Project("{8BC9CEB8-8B4A-11D0-8D11-00A0C91BC942}") = "SDL_ModelEx", "SDL_ModelEx\SDL_ModelEx.vcxproj", "{A4C151AF-5940-45B3-852C-72688129A453}"
EndProject
Project("{8BC9CEB8-8B4A-11D0-8D11-00A0C91BC942}") = "SDL_ModelSpace", "SDL_ModelSpace\SDL_ModelSpace.vcxproj", "{3279B507-2CE7-4396-AAFD-023536C97DDD}"
EndProject
Project("{8BC9CEB8-8B4A-11D0-8D11-00A0C91BC942}") = "SDL_OpenGLLightingAdv", "SDL_OpenGLLightingAdv\SDL_OpenGLLightingAdv.vcxproj", "{C12A501B-2956-4F1B-AD25-59CA7F08514F}"
EndProject
Project("{8BC9CEB8-8B4A-11D0-8D11-00A0C91BC942}") = "SDL_OpenGLProject", "SDL_InitProject\SDL_OpenGLProject.vcxproj", "{0688B059-4787-43D3-98CE-D55F894298A8}"
EndProject
Project("{8BC9CEB8-8B4A-11D0-8D11-00A0C91BC942}") = "SDL_ModelCyborg", "SDL_ModelCyborg\ModelCyborg.vcxproj", "{04F2AE49-13AF-4442-8520-261BFAB02EEB}"
EndProject
Project("{8BC9CEB8-8B4A-11D0-8D11-00A0C91BC942}") = "SDL_GeometryModel", "SDL_GeometryModel\SDL_GeometryModel.vcxproj", "{47BCCB86-D4EA-40DF-BF4A-B1C6A9B9F36A}"
EndProject
Global
	GlobalSection(SolutionConfigurationPlatforms) = preSolution
		Debug|x64 = Debug|x64
		Debug|x86 = Debug|x86
		Release|x64 = Release|x64
		Release|x86 = Release|x86
	EndGlobalSection
	GlobalSection(ProjectConfigurationPlatforms) = postSolution
		{C97E42CD-3308-4B3C-8B98-09DB16EE9220}.Debug|x64.ActiveCfg = Debug|x64
		{C97E42CD-3308-4B3C-8B98-09DB16EE9220}.Debug|x64.Build.0 = Debug|x64
		{C97E42CD-3308-4B3C-8B98-09DB16EE9220}.Debug|x86.ActiveCfg = Debug|Win32
		{C97E42CD-3308-4B3C-8B98-09DB16EE9220}.Debug|x86.Build.0 = Debug|Win32
		{C97E42CD-3308-4B3C-8B98-09DB16EE9220}.Release|x64.ActiveCfg = Release|x64
		{C97E42CD-3308-4B3C-8B98-09DB16EE9220}.Release|x64.Build.0 = Release|x64
		{C97E42CD-3308-4B3C-8B98-09DB16EE9220}.Release|x86.ActiveCfg = Release|Win32
		{C97E42CD-3308-4B3C-8B98-09DB16EE9220}.Release|x86.Build.0 = Release|Win32
		{4ED24230-01C7-463C-8196-1E62257F930D}.Debug|x64.ActiveCfg = Debug|x64
		{4ED24230-01C7-463C-8196-1E62257F930D}.Debug|x64.Build.0 = Debug|x64
		{4ED24230-01C7-463C-8196-1E62257F930D}.Debug|x86.ActiveCfg = Debug|Win32
		{4ED24230-01C7-463C-8196-1E62257F930D}.Debug|x86.Build.0 = Debug|Win32
		{4ED24230-01C7-463C-8196-1E62257F930D}.Release|x64.ActiveCfg = Release|x64
		{4ED24230-01C7-463C-8196-1E62257F930D}.Release|x64.Build.0 = Release|x64
		{4ED24230-01C7-463C-8196-1E62257F930D}.Release|x86.ActiveCfg = Release|Win32
		{4ED24230-01C7-463C-8196-1E62257F930D}.Release|x86.Build.0 = Release|Win32
		{F28AD335-F600-46D9-83CC-A9F67977D81C}.Debug|x64.ActiveCfg = Debug|x64
		{F28AD335-F600-46D9-83CC-A9F67977D81C}.Debug|x64.Build.0 = Debug|x64
		{F28AD335-F600-46D9-83CC-A9F67977D81C}.Debug|x86.ActiveCfg = Debug|Win32
		{F28AD335-F600-46D9-83CC-A9F67977D81C}.Debug|x86.Build.0 = Debug|Win32
		{F28AD335-F600-46D9-83CC-A9F67977D81C}.Release|x64.ActiveCfg = Release|x64
		{F28AD335-F600-46D9-83CC-A9F67977D81C}.Release|x64.Build.0 = Release|x64
		{F28AD335-F600-46D9-83CC-A9F67977D81C}.Release|x86.ActiveCfg = Release|Win32
		{F28AD335-F600-46D9-83CC-A9F67977D81C}.Release|x86.Build.0 = Release|Win32
		{99B49AC4-14F9-49B2-934D-A7B111C8DA4D}.Debug|x64.ActiveCfg = Debug|x64
		{99B49AC4-14F9-49B2-934D-A7B111C8DA4D}.Debug|x64.Build.0 = Debug|x64
		{99B49AC4-14F9-49B2-934D-A7B111C8DA4D}.Debug|x86.ActiveCfg = Debug|Win32
		{99B49AC4-14F9-49B2-934D-A7B111C8DA4D}.Debug|x86.Build.0 = Debug|Win32
		{99B49AC4-14F9-49B2-934D-A7B111C8DA4D}.Release|x64.ActiveCfg = Release|x64
		{99B49AC4-14F9-49B2-934D-A7B111C8DA4D}.Release|x64.Build.0 = Release|x64
		{99B49AC4-14F9-49B2-934D-A7B111C8DA4D}.Release|x86.ActiveCfg = Release|Win32
		{99B49AC4-14F9-49B2-934D-A7B111C8DA4D}.Release|x86.Build.0 = Release|Win32
		{09C94272-A8AE-490E-98F4-7E0248946CCE}.Debug|x64.ActiveCfg = Debug|x64
		{09C94272-A8AE-490E-98F4-7E0248946CCE}.Debug|x64.Build.0 = Debug|x64
		{09C94272-A8AE-490E-98F4-7E0248946CCE}.Debug|x86.ActiveCfg = Debug|Win32
		{09C94272-A8AE-490E-98F4-7E0248946CCE}.Debug|x86.Build.0 = Debug|Win32
		{09C94272-A8AE-490E-98F4-7E0248946CCE}.Release|x64.ActiveCfg = Release|x64
		{09C94272-A8AE-490E-98F4-7E0248946CCE}.Release|x64.Build.0 = Release|x64
		{09C94272-A8AE-490E-98F4-7E0248946CCE}.Release|x86.ActiveCfg = Release|Win32
		{09C94272-A8AE-490E-98F4-7E0248946CCE}.Release|x86.Build.0 = Release|Win32
		{11FE3034-4232-42C6-97B8-B168CE3469D7}.Debug|x64.ActiveCfg = Debug|x64
		{11FE3034-4232-42C6-97B8-B168CE3469D7}.Debug|x64.Build.0 = Debug|x64
		{11FE3034-4232-42C6-97B8-B168CE3469D7}.Debug|x86.ActiveCfg = Debug|Win32
		{11FE3034-4232-42C6-97B8-B168CE3469D7}.Debug|x86.Build.0 = Debug|Win32
		{11FE3034-4232-42C6-97B8-B168CE3469D7}.Release|x64.ActiveCfg = Release|x64
		{11FE3034-4232-42C6-97B8-B168CE3469D7}.Release|x64.Build.0 = Release|x64
		{11FE3034-4232-42C6-97B8-B168CE3469D7}.Release|x86.ActiveCfg = Release|Win32
		{11FE3034-4232-42C6-97B8-B168CE3469D7}.Release|x86.Build.0 = Release|Win32
		{8C41647D-74AB-43A9-AF27-C2316A5DB57A}.Debug|x64.ActiveCfg = Debug|x64
		{8C41647D-74AB-43A9-AF27-C2316A5DB57A}.Debug|x64.Build.0 = Debug|x64
		{8C41647D-74AB-43A9-AF27-C2316A5DB57A}.Debug|x86.ActiveCfg = Debug|Win32
		{8C41647D-74AB-43A9-AF27-C2316A5DB57A}.Debug|x86.Build.0 = Debug|Win32
		{8C41647D-74AB-43A9-AF27-C2316A5DB57A}.Release|x64.ActiveCfg = Release|x64
		{8C41647D-74AB-43A9-AF27-C2316A5DB57A}.Release|x64.Build.0 = Release|x64
		{8C41647D-74AB-43A9-AF27-C2316A5DB57A}.Release|x86.ActiveCfg = Release|Win32
		{8C41647D-74AB-43A9-AF27-C2316A5DB57A}.Release|x86.Build.0 = Release|Win32
		{A4C151AF-5940-45B3-852C-72688129A453}.Debug|x64.ActiveCfg = Debug|x64
		{A4C151AF-5940-45B3-852C-72688129A453}.Debug|x64.Build.0 = Debug|x64
		{A4C151AF-5940-45B3-852C-72688129A453}.Debug|x86.ActiveCfg = Debug|Win32
		{A4C151AF-5940-45B3-852C-72688129A453}.Debug|x86.Build.0 = Debug|Win32
		{A4C151AF-5940-45B3-852C-72688129A453}.Release|x64.ActiveCfg = Release|x64
		{A4C151AF-5940-45B3-852C-72688129A453}.Release|x64.Build.0 = Release|x64
		{A4C151AF-5940-45B3-852C-72688129A453}.Release|x86.ActiveCfg = Release|Win32
		{A4C151AF-5940-45B3-852C-72688129A453}.Release|x86.Build.0 = Release|Win32
		{3279B507-2CE7-4396-AAFD-023536C97DDD}.Debug|x64.ActiveCfg = Debug|x64
		{3279B507-2CE7-4396-AAFD-023536C97DDD}.Debug|x64.Build.0 = Debug|x64
		{3279B507-2CE7-4396-AAFD-023536C97DDD}.Debug|x86.ActiveCfg = Debug|Win32
		{3279B507-2CE7-4396-AAFD-023536C97DDD}.Debug|x86.Build.0 = Debug|Win32
		{3279B507-2CE7-4396-AAFD-023536C97DDD}.Release|x64.ActiveCfg = Release|x64
		{3279B507-2CE7-4396-AAFD-023536C97DDD}.Release|x64.Build.0 = Release|x64
		{3279B507-2CE7-4396-AAFD-023536C97DDD}.Release|x86.ActiveCfg = Release|Win32
		{3279B507-2CE7-4396-AAFD-023536C97DDD}.Release|x86.Build.0 = Release|Win32
		{C12A501B-2956-4F1B-AD25-59CA7F08514F}.Debug|x64.ActiveCfg = Debug|x64
		{C12A501B-2956-4F1B-AD25-59CA7F08514F}.Debug|x64.Build.0 = Debug|x64
		{C12A501B-2956-4F1B-AD25-59CA7F08514F}.Debug|x86.ActiveCfg = Debug|Win32
		{C12A501B-2956-4F1B-AD25-59CA7F08514F}.Debug|x86.Build.0 = Debug|Win32
		{C12A501B-2956-4F1B-AD25-59CA7F08514F}.Release|x64.ActiveCfg = Release|x64
		{C12A501B-2956-4F1B-AD25-59CA7F08514F}.Release|x64.Build.0 = Release|x64
		{C12A501B-2956-4F1B-AD25-59CA7F08514F}.Release|x86.ActiveCfg = Release|Win32
		{C12A501B-2956-4F1B-AD25-59CA7F08514F}.Release|x86.Build.0 = Release|Win32
		{0688B059-4787-43D3-98CE-D55F894298A8}.Debug|x64.ActiveCfg = Debug|x64
		{0688B059-4787-43D3-98CE-D55F894298A8}.Debug|x64.Build.0 = Debug|x64
		{0688B059-4787-43D3-98CE-D55F894298A8}.Debug|x86.ActiveCfg = Debug|Win32
		{0688B059-4787-43D3-98CE-D55F894298A8}.Debug|x86.Build.0 = Debug|Win32
		{0688B059-4787-43D3-98CE-D55F894298A8}.Release|x64.ActiveCfg = Release|x64
		{0688B059-4787-43D3-98CE-D55F894298A8}.Release|x64.Build.0 = Release|x64
		{0688B059-4787-43D3-98CE-D55F894298A8}.Release|x86.ActiveCfg = Release|Win32
		{0688B059-4787-43D3-98CE-D55F894298A8}.Release|x86.Build.0 = Release|Win32
		{04F2AE49-13AF-4442-8520-261BFAB02EEB}.Debug|x64.ActiveCfg = Debug|x64
		{04F2AE49-13AF-4442-8520-261BFAB02EEB}.Debug|x64.Build.0 = Debug|x64
		{04F2AE49-13AF-4442-8520-261BFAB02EEB}.Debug|x86.ActiveCfg = Debug|Win32
		{04F2AE49-13AF-4442-8520-261BFAB02EEB}.Debug|x86.Build.0 = Debug|Win32
		{04F2AE49-13AF-4442-8520-261BFAB02EEB}.Release|x64.ActiveCfg = Release|x64
		{04F2AE49-13AF-4442-8520-261BFAB02EEB}.Release|x64.Build.0 = Release|x64
		{04F2AE49-13AF-4442-8520-261BFAB02EEB}.Release|x86.ActiveCfg = Release|Win32
		{04F2AE49-13AF-4442-8520-261BFAB02EEB}.Release|x86.Build.0 = Release|Win32
		{47BCCB86-D4EA-40DF-BF4A-B1C6A9B9F36A}.Debug|x64.ActiveCfg = Debug|x64
		{47BCCB86-D4EA-40DF-BF4A-B1C6A9B9F36A}.Debug|x64.Build.0 = Debug|x64
		{47BCCB86-D4EA-40DF-BF4A-B1C6A9B9F36A}.Debug|x86.ActiveCfg = Debug|Win32
		{47BCCB86-D4EA-40DF-BF4A-B1C6A9B9F36A}.Debug|x86.Build.0 = Debug|Win32
		{47BCCB86-D4EA-40DF-BF4A-B1C6A9B9F36A}.Release|x64.ActiveCfg = Release|x64
		{47BCCB86-D4EA-40DF-BF4A-B1C6A9B9F36A}.Release|x64.Build.0 = Release|x64
		{47BCCB86-D4EA-40DF-BF4A-B1C6A9B9F36A}.Release|x86.ActiveCfg = Release|Win32
		{47BCCB86-D4EA-40DF-BF4A-B1C6A9B9F36A}.Release|x86.Build.0 = Release|Win32
	EndGlobalSection
	GlobalSection(SolutionProperties) = preSolution
		HideSolutionNode = FALSE
	EndGlobalSection
	GlobalSection(ExtensibilityGlobals) = postSolution
		SolutionGuid = {C820430B-BD1E-426A-965B-E88371248EE5}
	EndGlobalSection
EndGlobal
