<?xml version="1.0" encoding="utf-8"?>
<Project ToolsVersion="4.0" xmlns="http://schemas.microsoft.com/developer/msbuild/2003">
  <ItemGroup>
    <Filter Include="Source Files">
      <UniqueIdentifier>{4FC737F1-C7A5-4376-A066-2A32D752A2FF}</UniqueIdentifier>
      <Extensions>cpp;c;cc;cxx;def;odl;idl;hpj;bat;asm;asmx</Extensions>
    </Filter>
    <Filter Include="Header Files">
      <UniqueIdentifier>{93995380-89BD-4b04-88EB-625FBE52EBFB}</UniqueIdentifier>
      <Extensions>h;hh;hpp;hxx;hm;inl;inc;ipp;xsd</Extensions>
    </Filter>
    <Filter Include="Resource Files">
      <UniqueIdentifier>{67DA6AB6-F800-4c08-8B7A-83BB121AAD01}</UniqueIdentifier>
      <Extensions>rc;ico;cur;bmp;dlg;rc2;rct;bin;rgs;gif;jpg;jpeg;jpe;resx;tiff;tif;png;wav;mfcribbon-ms</Extensions>
    </Filter>
    <Filter Include="Shaders">
      <UniqueIdentifier>{bc1f69bb-2c1c-463a-9c90-48a12e07743f}</UniqueIdentifier>
    </Filter>
  </ItemGroup>
  <ItemGroup>
    <ClCompile Include="SDL_OpenGLLightingAdv.cpp">
      <Filter>Source Files</Filter>
    </ClCompile>
    <ClCompile Include="CCamera3D.cpp">
      <Filter>Source Files</Filter>
    </ClCompile>
    <ClCompile Include="CInputManager.cpp">
      <Filter>Source Files</Filter>
    </ClCompile>
    <ClCompile Include="CShader.cpp">
      <Filter>Source Files</Filter>
    </ClCompile>
    <ClCompile Include="CSTexture.cpp">
      <Filter>Source Files</Filter>
    </ClCompile>
    <ClCompile Include="BlinnPhongLighting.cpp">
      <Filter>Source Files</Filter>
    </ClCompile>
    <ClCompile Include="GammaCorrection.cpp">
      <Filter>Source Files</Filter>
    </ClCompile>
    <ClCompile Include="ShadowMapping.cpp">
      <Filter>Source Files</Filter>
    </ClCompile>
    <ClCompile Include="PointShadow.cpp">
      <Filter>Source Files</Filter>
    </ClCompile>
    <ClCompile Include="NormalMapping.cpp">
      <Filter>Source Files</Filter>
    </ClCompile>
    <ClCompile Include="ParallaxMapping.cpp">
      <Filter>Source Files</Filter>
    </ClCompile>
    <ClCompile Include="HDR.cpp">
      <Filter>Source Files</Filter>
    </ClCompile>
    <ClCompile Include="Bloom.cpp">
      <Filter>Source Files</Filter>
    </ClCompile>
    <ClCompile Include="DeferredShading.cpp">
      <Filter>Source Files</Filter>
    </ClCompile>
  </ItemGroup>
  <ItemGroup>
    <ClInclude Include="SDL_OpenGLLightingAdv.h">
      <Filter>Header Files</Filter>
    </ClInclude>
    <ClInclude Include="CCamera3D.h">
      <Filter>Header Files</Filter>
    </ClInclude>
    <ClInclude Include="CInputManager.h">
      <Filter>Header Files</Filter>
    </ClInclude>
    <ClInclude Include="CShader.h">
      <Filter>Header Files</Filter>
    </ClInclude>
    <ClInclude Include="CSTexture.h">
      <Filter>Header Files</Filter>
    </ClInclude>
    <ClInclude Include="stb_image.h">
      <Filter>Header Files</Filter>
    </ClInclude>
  </ItemGroup>
  <ItemGroup>
    <Image Include="wood.png">
      <Filter>Resource Files</Filter>
    </Image>
    <Image Include="crate.png">
      <Filter>Resource Files</Filter>
    </Image>
    <Image Include="bricks2.jpg">
      <Filter>Resource Files</Filter>
    </Image>
    <Image Include="bricks2_disp.jpg">
      <Filter>Resource Files</Filter>
    </Image>
    <Image Include="bricks2_normal.jpg">
      <Filter>Resource Files</Filter>
    </Image>
    <Image Include="brickwall.jpg">
      <Filter>Resource Files</Filter>
    </Image>
    <Image Include="brickwall_normal.jpg">
      <Filter>Resource Files</Filter>
    </Image>
  </ItemGroup>
  <ItemGroup>
    <None Include="Shaders\BlinnPhongFragmentShader.frag">
      <Filter>Shaders</Filter>
    </None>
    <None Include="Shaders\BlinnPhongVertexShader.vert">
      <Filter>Shaders</Filter>
    </None>
    <None Include="Shaders\GammaCorrectionFragmentShader.frag">
      <Filter>Shaders</Filter>
    </None>
    <None Include="Shaders\GammaCorrectionVertexShader.vert">
      <Filter>Shaders</Filter>
    </None>
    <None Include="Shaders\ShadowMappingCrateFragmentShader.frag">
      <Filter>Shaders</Filter>
    </None>
    <None Include="Shaders\ShadowMappingCrateVertexShader.vert">
      <Filter>Shaders</Filter>
    </None>
    <None Include="Shaders\ShadowMappingDepthFragmentShader.frag">
      <Filter>Shaders</Filter>
    </None>
    <None Include="Shaders\ShadowMappingDepthVertexShader.vert">
      <Filter>Shaders</Filter>
    </None>
    <None Include="Shaders\ShadowMappingDebugFragmentShader.frag">
      <Filter>Shaders</Filter>
    </None>
    <None Include="Shaders\ShadowMappingDebugVertexShader.vert">
      <Filter>Shaders</Filter>
    </None>
    <None Include="Shaders\PointShadowCrateFragmentShader.frag">
      <Filter>Shaders</Filter>
    </None>
    <None Include="Shaders\PointShadowCrateVertexShader.vert">
      <Filter>Shaders</Filter>
    </None>
    <None Include="Shaders\PointShadowDebugFragmentShader.frag">
      <Filter>Shaders</Filter>
    </None>
    <None Include="Shaders\PointShadowDebugVertexShader.vert">
      <Filter>Shaders</Filter>
    </None>
    <None Include="Shaders\PointShadowDepthVertexShader.vert">
      <Filter>Shaders</Filter>
    </None>
    <None Include="Shaders\PointShadowLightFragmentShader.frag">
      <Filter>Shaders</Filter>
    </None>
    <None Include="Shaders\PointShadowLightVertexShader.vert">
      <Filter>Shaders</Filter>
    </None>
    <None Include="Shaders\PointShadowDepthFragmentShader.frag">
      <Filter>Shaders</Filter>
    </None>
    <None Include="Shaders\PointShadowDepthGeometryShader.geo">
      <Filter>Shaders</Filter>
    </None>
    <None Include="Shaders\NormalMappingLightFragmentShader.frag">
      <Filter>Shaders</Filter>
    </None>
    <None Include="Shaders\NormalMappingLightVertexShader.vert">
      <Filter>Shaders</Filter>
    </None>
    <None Include="Shaders\NormalMappingObjectVertexShader.vert">
      <Filter>Shaders</Filter>
    </None>
    <None Include="Shaders\NormalMappingObjectFragmentShader.frag">
      <Filter>Shaders</Filter>
    </None>
    <None Include="Shaders\ParallaxMappingObjectFragmentShader.frag">
      <Filter>Shaders</Filter>
    </None>
    <None Include="Shaders\ParallaxMappingObjectVertexShader.vert">
      <Filter>Shaders</Filter>
    </None>
    <None Include="Shaders\HDRTunnelFragmentShader.frag">
      <Filter>Shaders</Filter>
    </None>
    <None Include="Shaders\HDRTunnelVertexShader.vert">
      <Filter>Shaders</Filter>
    </None>
    <None Include="Shaders\HDRScreenFragmentShader.frag">
      <Filter>Shaders</Filter>
    </None>
    <None Include="Shaders\HDRScreenVertexShader.vert">
      <Filter>Shaders</Filter>
    </None>
    <None Include="Shaders\BloomLightFragmentShader.frag">
      <Filter>Shaders</Filter>
    </None>
    <None Include="Shaders\BloomLightVertexShader.vert">
      <Filter>Shaders</Filter>
    </None>
    <None Include="Shaders\BloomObjectFragmentShader.frag">
      <Filter>Shaders</Filter>
    </None>
    <None Include="Shaders\BloomObjectVertexShader.vert">
      <Filter>Shaders</Filter>
    </None>
    <None Include="Shaders\BloomScreenFragmentShader.frag">
      <Filter>Shaders</Filter>
    </None>
    <None Include="Shaders\BloomScreenVertexShader.vert">
      <Filter>Shaders</Filter>
    </None>
    <None Include="Shaders\BloomBlurFragmentShader.frag">
      <Filter>Shaders</Filter>
    </None>
    <None Include="Shaders\BloomBlurVertexShader.vert">
      <Filter>Shaders</Filter>
    </None>
    <None Include="Shaders\DeferredObjectFragmentShader.frag">
      <Filter>Shaders</Filter>
    </None>
    <None Include="Shaders\DeferredObjectVertexShader.vert">
      <Filter>Shaders</Filter>
    </None>
    <None Include="Shaders\DeferredLightFragmentShader.frag">
      <Filter>Shaders</Filter>
    </None>
    <None Include="Shaders\DeferredLightVertexShader.vert">
      <Filter>Shaders</Filter>
    </None>
  </ItemGroup>
</Project>