<?xml version="1.0" encoding="utf-8"?>
<Project ToolsVersion="4.0" xmlns="http://schemas.microsoft.com/developer/msbuild/2003">
  <ItemGroup>
    <Filter Include="Source Files">
      <UniqueIdentifier>{4FC737F1-C7A5-4376-A066-2A32D752A2FF}</UniqueIdentifier>
      <Extensions>cpp;c;cc;cxx;def;odl;idl;hpj;bat;asm;asmx</Extensions>
    </Filter>
    <Filter Include="Header Files">
      <UniqueIdentifier>{93995380-89BD-4b04-88EB-625FBE52EBFB}</UniqueIdentifier>
      <Extensions>h;hh;hpp;hxx;hm;inl;inc;ipp;xsd</Extensions>
    </Filter>
    <Filter Include="Resource Files">
      <UniqueIdentifier>{67DA6AB6-F800-4c08-8B7A-83BB121AAD01}</UniqueIdentifier>
      <Extensions>rc;ico;cur;bmp;dlg;rc2;rct;bin;rgs;gif;jpg;jpeg;jpe;resx;tiff;tif;png;wav;mfcribbon-ms</Extensions>
    </Filter>
    <Filter Include="Shaders">
      <UniqueIdentifier>{ac2bc14a-fa70-450e-ae7e-06f64ecabff4}</UniqueIdentifier>
    </Filter>
  </ItemGroup>
  <ItemGroup>
    <ClCompile Include="CCamera3D.cpp">
      <Filter>Source Files</Filter>
    </ClCompile>
    <ClCompile Include="CInputManager.cpp">
      <Filter>Source Files</Filter>
    </ClCompile>
    <ClCompile Include="CShader.cpp">
      <Filter>Source Files</Filter>
    </ClCompile>
    <ClCompile Include="CSTexture.cpp">
      <Filter>Source Files</Filter>
    </ClCompile>
    <ClCompile Include="CTimer.cpp">
      <Filter>Source Files</Filter>
    </ClCompile>
    <ClCompile Include="AdvancedOpenGL.cpp">
      <Filter>Source Files</Filter>
    </ClCompile>
    <ClCompile Include="DepthTesting.cpp">
      <Filter>Source Files</Filter>
    </ClCompile>
    <ClCompile Include="StencilTesting.cpp">
      <Filter>Source Files</Filter>
    </ClCompile>
    <ClCompile Include="StencilReflection.cpp">
      <Filter>Source Files</Filter>
    </ClCompile>
    <ClCompile Include="Blending.cpp">
      <Filter>Source Files</Filter>
    </ClCompile>
    <ClCompile Include="BlendFuncTesting.cpp">
      <Filter>Source Files</Filter>
    </ClCompile>
    <ClCompile Include="FaceCulling.cpp">
      <Filter>Source Files</Filter>
    </ClCompile>
    <ClCompile Include="FrameBufferTesting.cpp">
      <Filter>Source Files</Filter>
    </ClCompile>
    <ClCompile Include="FrameBufferMirror.cpp">
      <Filter>Source Files</Filter>
    </ClCompile>
    <ClCompile Include="CubeMaps.cpp">
      <Filter>Source Files</Filter>
    </ClCompile>
    <ClCompile Include="CubeMapsReflection.cpp">
      <Filter>Source Files</Filter>
    </ClCompile>
  </ItemGroup>
  <ItemGroup>
    <ClInclude Include="CCamera3D.h">
      <Filter>Header Files</Filter>
    </ClInclude>
    <ClInclude Include="CInputManager.h">
      <Filter>Header Files</Filter>
    </ClInclude>
    <ClInclude Include="CShader.h">
      <Filter>Header Files</Filter>
    </ClInclude>
    <ClInclude Include="CSTexture.h">
      <Filter>Header Files</Filter>
    </ClInclude>
    <ClInclude Include="CTimer.h">
      <Filter>Header Files</Filter>
    </ClInclude>
    <ClInclude Include="stb_image.h">
      <Filter>Header Files</Filter>
    </ClInclude>
    <ClInclude Include="AdvancedOpenGL.h">
      <Filter>Header Files</Filter>
    </ClInclude>
  </ItemGroup>
  <ItemGroup>
    <None Include="Shaders\DepthTestingFragmentShader.frag">
      <Filter>Shaders</Filter>
    </None>
    <None Include="Shaders\DepthTestingVertexShader.vert">
      <Filter>Shaders</Filter>
    </None>
    <None Include="Shaders\StencilTestingFragmentShader.frag">
      <Filter>Shaders</Filter>
    </None>
    <None Include="Shaders\StencilTestingVertexShader.vert">
      <Filter>Shaders</Filter>
    </None>
    <None Include="Shaders\StencilTestingOutlineFragmentShader.frag">
      <Filter>Shaders</Filter>
    </None>
    <None Include="Shaders\BlendingTestingFragmentShader.frag">
      <Filter>Shaders</Filter>
    </None>
    <None Include="Shaders\BlendingTestingVertexShader.vert">
      <Filter>Shaders</Filter>
    </None>
    <None Include="Shaders\FaceCullingFragmentShader.frag">
      <Filter>Shaders</Filter>
    </None>
    <None Include="Shaders\FaceCullingVertexShader.vert">
      <Filter>Shaders</Filter>
    </None>
    <None Include="Shaders\FrameBufferFragmentShader.frag">
      <Filter>Shaders</Filter>
    </None>
    <None Include="Shaders\FrameBufferVertexShader.vert">
      <Filter>Shaders</Filter>
    </None>
    <None Include="Shaders\FrameBufferScreenFragmentShader.frag">
      <Filter>Shaders</Filter>
    </None>
    <None Include="Shaders\FrameBufferScreenVertexShader.vert">
      <Filter>Shaders</Filter>
    </None>
    <None Include="Shaders\FrameBufferMirrorFragmentShader.frag">
      <Filter>Shaders</Filter>
    </None>
    <None Include="Shaders\FrameBufferMirrorVertexShader.vert">
      <Filter>Shaders</Filter>
    </None>
    <None Include="Shaders\CubeMapsObjectFragmentShader.frag">
      <Filter>Shaders</Filter>
    </None>
    <None Include="Shaders\CubeMapsObjectVertexShader.vert">
      <Filter>Shaders</Filter>
    </None>
    <None Include="Shaders\CubeMapsSkyFragmentShader.frag">
      <Filter>Shaders</Filter>
    </None>
    <None Include="Shaders\CubeMapsSkyVertexShader.vert">
      <Filter>Shaders</Filter>
    </None>
    <None Include="Shaders\CubeMapsReflectionFragmentShader.frag">
      <Filter>Shaders</Filter>
    </None>
    <None Include="Shaders\CubeMapsReflectionVertexShader.vert">
      <Filter>Shaders</Filter>
    </None>
  </ItemGroup>
  <ItemGroup>
    <Image Include="crate.png">
      <Filter>Resource Files</Filter>
    </Image>
    <Image Include="marble.jpg">
      <Filter>Resource Files</Filter>
    </Image>
    <Image Include="metal.png">
      <Filter>Resource Files</Filter>
    </Image>
    <Image Include="grass.png">
      <Filter>Resource Files</Filter>
    </Image>
    <Image Include="window.png">
      <Filter>Resource Files</Filter>
    </Image>
    <Image Include="skybox\back.jpg">
      <Filter>Resource Files</Filter>
    </Image>
    <Image Include="skybox\bottom.jpg">
      <Filter>Resource Files</Filter>
    </Image>
    <Image Include="skybox\front.jpg">
      <Filter>Resource Files</Filter>
    </Image>
    <Image Include="skybox\left.jpg">
      <Filter>Resource Files</Filter>
    </Image>
    <Image Include="skybox\right.jpg">
      <Filter>Resource Files</Filter>
    </Image>
    <Image Include="skybox\top.jpg">
      <Filter>Resource Files</Filter>
    </Image>
  </ItemGroup>
</Project>